
Microsoft Visual Studio Solution File, Format Version 12.00
# Visual Studio Version 17
VisualStudioVersion = 17.0.31903.59
MinimumVisualStudioVersion = 10.0.40219.1
Project("{2150E333-8FDC-42A3-9474-1A3956D46DE8}") = "Core", "Core", "{CE679560-F275-4A50-9D12-7163433A3549}"
EndProject
Project("{FAE04EC0-301F-11D3-BF4B-00C04F79EFBC}") = "SauceNAO.Application", "Core\Application\SauceNAO.Application.csproj", "{3A1FD6A3-6397-4B90-9ABB-4A3AEB1DD007}"
EndProject
Project("{FAE04EC0-301F-11D3-BF4B-00C04F79EFBC}") = "SauceNAO.Domain", "Core\Domain\SauceNAO.Domain.csproj", "{8C3DCCE5-8A10-45DD-A883-895B8CC1A8EB}"
EndProject
Project("{FAE04EC0-301F-11D3-BF4B-00C04F79EFBC}") = "SauceNAO.Infrastructure", "Infrastructure\SauceNAO.Infrastructure.csproj", "{CC2F1B01-094B-48C7-8D42-9BA1C0FFFDCD}"
EndProject
Project("{2150E333-8FDC-42A3-9474-1A3956D46DE8}") = "Tests", "Tests", "{0653149E-4EE3-4791-B3F6-647649EDFB96}"
EndProject
Project("{FAE04EC0-301F-11D3-BF4B-00C04F79EFBC}") = "SauceNAO.Tests", "Tests\Tests\SauceNAO.Tests.csproj", "{0F75F55D-6738-4DD6-91E7-8B5CEB9F032F}"
EndProject
Project("{FAE04EC0-301F-11D3-BF4B-00C04F79EFBC}") = "SauceNAO.TestProject", "Tests\TestProject\SauceNAO.TestProject.csproj", "{1629C095-86CA-4090-AE24-96F61D0A8F2F}"
EndProject
Project("{FAE04EC0-301F-11D3-BF4B-00C04F79EFBC}") = "SauceNAO.WebApp", "WebApp\SauceNAO.WebApp.csproj", "{C114F9EF-A36E-445A-9EE3-FF2BAC0D7E6D}"
EndProject
Global
	GlobalSection(SolutionConfigurationPlatforms) = preSolution
		Debug|Any CPU = Debug|Any CPU
		Release|Any CPU = Release|Any CPU
	EndGlobalSection
	GlobalSection(SolutionProperties) = preSolution
		HideSolutionNode = FALSE
	EndGlobalSection
	GlobalSection(ProjectConfigurationPlatforms) = postSolution
		{3A1FD6A3-6397-4B90-9ABB-4A3AEB1DD007}.Debug|Any CPU.ActiveCfg = Debug|Any CPU
		{3A1FD6A3-6397-4B90-9ABB-4A3AEB1DD007}.Debug|Any CPU.Build.0 = Debug|Any CPU
		{3A1FD6A3-6397-4B90-9ABB-4A3AEB1DD007}.Release|Any CPU.ActiveCfg = Release|Any CPU
		{3A1FD6A3-6397-4B90-9ABB-4A3AEB1DD007}.Release|Any CPU.Build.0 = Release|Any CPU
		{8C3DCCE5-8A10-45DD-A883-895B8CC1A8EB}.Debug|Any CPU.ActiveCfg = Debug|Any CPU
		{8C3DCCE5-8A10-45DD-A883-895B8CC1A8EB}.Debug|Any CPU.Build.0 = Debug|Any CPU
		{8C3DCCE5-8A10-45DD-A883-895B8CC1A8EB}.Release|Any CPU.ActiveCfg = Release|Any CPU
		{8C3DCCE5-8A10-45DD-A883-895B8CC1A8EB}.Release|Any CPU.Build.0 = Release|Any CPU
		{CC2F1B01-094B-48C7-8D42-9BA1C0FFFDCD}.Debug|Any CPU.ActiveCfg = Debug|Any CPU
		{CC2F1B01-094B-48C7-8D42-9BA1C0FFFDCD}.Debug|Any CPU.Build.0 = Debug|Any CPU
		{CC2F1B01-094B-48C7-8D42-9BA1C0FFFDCD}.Release|Any CPU.ActiveCfg = Release|Any CPU
		{CC2F1B01-094B-48C7-8D42-9BA1C0FFFDCD}.Release|Any CPU.Build.0 = Release|Any CPU
		{0F75F55D-6738-4DD6-91E7-8B5CEB9F032F}.Debug|Any CPU.ActiveCfg = Debug|Any CPU
		{0F75F55D-6738-4DD6-91E7-8B5CEB9F032F}.Debug|Any CPU.Build.0 = Debug|Any CPU
		{0F75F55D-6738-4DD6-91E7-8B5CEB9F032F}.Release|Any CPU.ActiveCfg = Release|Any CPU
		{0F75F55D-6738-4DD6-91E7-8B5CEB9F032F}.Release|Any CPU.Build.0 = Release|Any CPU
		{1629C095-86CA-4090-AE24-96F61D0A8F2F}.Debug|Any CPU.ActiveCfg = Debug|Any CPU
		{1629C095-86CA-4090-AE24-96F61D0A8F2F}.Debug|Any CPU.Build.0 = Debug|Any CPU
		{1629C095-86CA-4090-AE24-96F61D0A8F2F}.Release|Any CPU.ActiveCfg = Release|Any CPU
		{1629C095-86CA-4090-AE24-96F61D0A8F2F}.Release|Any CPU.Build.0 = Release|Any CPU
		{C114F9EF-A36E-445A-9EE3-FF2BAC0D7E6D}.Debug|Any CPU.ActiveCfg = Debug|Any CPU
		{C114F9EF-A36E-445A-9EE3-FF2BAC0D7E6D}.Debug|Any CPU.Build.0 = Debug|Any CPU
		{C114F9EF-A36E-445A-9EE3-FF2BAC0D7E6D}.Release|Any CPU.ActiveCfg = Release|Any CPU
		{C114F9EF-A36E-445A-9EE3-FF2BAC0D7E6D}.Release|Any CPU.Build.0 = Release|Any CPU
	EndGlobalSection
	GlobalSection(NestedProjects) = preSolution
		{3A1FD6A3-6397-4B90-9ABB-4A3AEB1DD007} = {CE679560-F275-4A50-9D12-7163433A3549}
		{8C3DCCE5-8A10-45DD-A883-895B8CC1A8EB} = {CE679560-F275-4A50-9D12-7163433A3549}
		{0F75F55D-6738-4DD6-91E7-8B5CEB9F032F} = {0653149E-4EE3-4791-B3F6-647649EDFB96}
		{1629C095-86CA-4090-AE24-96F61D0A8F2F} = {0653149E-4EE3-4791-B3F6-647649EDFB96}
	EndGlobalSection
EndGlobal
