
Microsoft Visual Studio Solution File, Format Version 12.00
# Visual Studio Version 17
VisualStudioVersion = 17.0.31903.59
MinimumVisualStudioVersion = 10.0.40219.1
Project("{FAE04EC0-301F-11D3-BF4B-00C04F79EFBC}") = "SauceNAO.Infrastructure", "Infrastructure\SauceNAO.Infrastructure.csproj", "{CC2F1B01-094B-48C7-8D42-9BA1C0FFFDCD}"
EndProject
Project("{FAE04EC0-301F-11D3-BF4B-00C04F79EFBC}") = "SauceNAO.Core", "Core\SauceNAO.Core.csproj", "{97F205EF-8CC7-4427-BFA6-53E635C6332A}"
EndProject
Project("{FAE04EC0-301F-11D3-BF4B-00C04F79EFBC}") = "SauceNAO.Application", "Application\SauceNAO.Application.csproj", "{FB043281-07C8-44EB-B01A-7B9D3803EB1F}"
EndProject
Global
	GlobalSection(SolutionConfigurationPlatforms) = preSolution
		Debug|Any CPU = Debug|Any CPU
		Debug|x64 = Debug|x64
		Debug|x86 = Debug|x86
		Release|Any CPU = Release|Any CPU
		Release|x64 = Release|x64
		Release|x86 = Release|x86
	EndGlobalSection
	GlobalSection(ProjectConfigurationPlatforms) = postSolution
		{CC2F1B01-094B-48C7-8D42-9BA1C0FFFDCD}.Debug|Any CPU.ActiveCfg = Debug|Any CPU
		{CC2F1B01-094B-48C7-8D42-9BA1C0FFFDCD}.Debug|Any CPU.Build.0 = Debug|Any CPU
		{CC2F1B01-094B-48C7-8D42-9BA1C0FFFDCD}.Debug|x64.ActiveCfg = Debug|Any CPU
		{CC2F1B01-094B-48C7-8D42-9BA1C0FFFDCD}.Debug|x64.Build.0 = Debug|Any CPU
		{CC2F1B01-094B-48C7-8D42-9BA1C0FFFDCD}.Debug|x86.ActiveCfg = Debug|Any CPU
		{CC2F1B01-094B-48C7-8D42-9BA1C0FFFDCD}.Debug|x86.Build.0 = Debug|Any CPU
		{CC2F1B01-094B-48C7-8D42-9BA1C0FFFDCD}.Release|Any CPU.ActiveCfg = Release|Any CPU
		{CC2F1B01-094B-48C7-8D42-9BA1C0FFFDCD}.Release|Any CPU.Build.0 = Release|Any CPU
		{CC2F1B01-094B-48C7-8D42-9BA1C0FFFDCD}.Release|x64.ActiveCfg = Release|Any CPU
		{CC2F1B01-094B-48C7-8D42-9BA1C0FFFDCD}.Release|x64.Build.0 = Release|Any CPU
		{CC2F1B01-094B-48C7-8D42-9BA1C0FFFDCD}.Release|x86.ActiveCfg = Release|Any CPU
		{CC2F1B01-094B-48C7-8D42-9BA1C0FFFDCD}.Release|x86.Build.0 = Release|Any CPU
		{97F205EF-8CC7-4427-BFA6-53E635C6332A}.Debug|Any CPU.ActiveCfg = Debug|Any CPU
		{97F205EF-8CC7-4427-BFA6-53E635C6332A}.Debug|Any CPU.Build.0 = Debug|Any CPU
		{97F205EF-8CC7-4427-BFA6-53E635C6332A}.Debug|x64.ActiveCfg = Debug|Any CPU
		{97F205EF-8CC7-4427-BFA6-53E635C6332A}.Debug|x64.Build.0 = Debug|Any CPU
		{97F205EF-8CC7-4427-BFA6-53E635C6332A}.Debug|x86.ActiveCfg = Debug|Any CPU
		{97F205EF-8CC7-4427-BFA6-53E635C6332A}.Debug|x86.Build.0 = Debug|Any CPU
		{97F205EF-8CC7-4427-BFA6-53E635C6332A}.Release|Any CPU.ActiveCfg = Release|Any CPU
		{97F205EF-8CC7-4427-BFA6-53E635C6332A}.Release|Any CPU.Build.0 = Release|Any CPU
		{97F205EF-8CC7-4427-BFA6-53E635C6332A}.Release|x64.ActiveCfg = Release|Any CPU
		{97F205EF-8CC7-4427-BFA6-53E635C6332A}.Release|x64.Build.0 = Release|Any CPU
		{97F205EF-8CC7-4427-BFA6-53E635C6332A}.Release|x86.ActiveCfg = Release|Any CPU
		{97F205EF-8CC7-4427-BFA6-53E635C6332A}.Release|x86.Build.0 = Release|Any CPU
		{FB043281-07C8-44EB-B01A-7B9D3803EB1F}.Debug|Any CPU.ActiveCfg = Debug|Any CPU
		{FB043281-07C8-44EB-B01A-7B9D3803EB1F}.Debug|Any CPU.Build.0 = Debug|Any CPU
		{FB043281-07C8-44EB-B01A-7B9D3803EB1F}.Debug|x64.ActiveCfg = Debug|Any CPU
		{FB043281-07C8-44EB-B01A-7B9D3803EB1F}.Debug|x64.Build.0 = Debug|Any CPU
		{FB043281-07C8-44EB-B01A-7B9D3803EB1F}.Debug|x86.ActiveCfg = Debug|Any CPU
		{FB043281-07C8-44EB-B01A-7B9D3803EB1F}.Debug|x86.Build.0 = Debug|Any CPU
		{FB043281-07C8-44EB-B01A-7B9D3803EB1F}.Release|Any CPU.ActiveCfg = Release|Any CPU
		{FB043281-07C8-44EB-B01A-7B9D3803EB1F}.Release|Any CPU.Build.0 = Release|Any CPU
		{FB043281-07C8-44EB-B01A-7B9D3803EB1F}.Release|x64.ActiveCfg = Release|Any CPU
		{FB043281-07C8-44EB-B01A-7B9D3803EB1F}.Release|x64.Build.0 = Release|Any CPU
		{FB043281-07C8-44EB-B01A-7B9D3803EB1F}.Release|x86.ActiveCfg = Release|Any CPU
		{FB043281-07C8-44EB-B01A-7B9D3803EB1F}.Release|x86.Build.0 = Release|Any CPU
	EndGlobalSection
	GlobalSection(SolutionProperties) = preSolution
		HideSolutionNode = FALSE
	EndGlobalSection
EndGlobal
